[[package]]
name = "certifi"
version = "2021.10.8"
description = "Python package for providing Mozilla's CA Bundle."
category = "main"
optional = false
python-versions = "*"

[[package]]
name = "charset-normalizer"
version = "2.0.7"
description = "The Real First Universal Charset Detector. Open, modern and actively maintained alternative to Chardet."
category = "dev"
optional = false
python-versions = ">=3.5.0"

[package.extras]
unicode_backport = ["unicodedata2"]

[[package]]
name = "defusedxml"
version = "0.7.1"
description = "XML bomb protection for Python stdlib modules"
category = "main"
optional = false
python-versions = ">=2.7, !=3.0.*, !=3.1.*, !=3.2.*, !=3.3.*, !=3.4.*"

[[package]]
name = "frozendict"
version = "2.0.6"
description = "A simple immutable dictionary"
category = "main"
optional = false
python-versions = ">=3.6"

[[package]]
name = "gis-metadata-parser"
version = "2.0"
description = "Parser for GIS metadata standards including ArcGIS, FGDC and ISO-19115"
category = "main"
optional = false
python-versions = ">=3.6,<4.0"

[package.dependencies]
frozendict = ">=2.0,<3.0"
parserutils = ">=2.0.1,<3.0.0"

[[package]]
name = "idna"
version = "3.3"
description = "Internationalized Domain Names in Applications (IDNA)"
category = "dev"
optional = false
python-versions = ">=3.5"

[[package]]
name = "mock"
version = "4.0.3"
description = "Rolling backport of unittest.mock for all Pythons"
category = "dev"
optional = false
python-versions = ">=3.6"

[package.extras]
build = ["twine", "wheel", "blurb"]
docs = ["sphinx"]
test = ["pytest (<5.4)", "pytest-cov"]

[[package]]
name = "parserutils"
version = "2.0.1"
description = "A collection of performant parsing utilities"
category = "main"
optional = false
python-versions = ">=3.6,<4.0"

[package.dependencies]
defusedxml = ">=0.7.1,<0.8.0"
python-dateutil = ">=2.8.2,<3.0.0"

[[package]]
name = "pillow"
version = "7.2.0"
description = "Python Imaging Library (Fork)"
category = "main"
optional = false
python-versions = ">=3.5"

[[package]]
name = "pipdeptree"
version = "2.2.0"
description = "Command line utility to show dependency tree of packages"
category = "dev"
optional = false
python-versions = ">=2.7,!=3.0.*,!=3.1.*,!=3.2.*,!=3.3.*"

[package.extras]
graphviz = ["graphviz"]

[[package]]
name = "pyproj"
version = "3.2.1"
description = "Python interface to PROJ (cartographic projections and coordinate transformations library)"
category = "main"
optional = false
python-versions = ">=3.7"

[package.dependencies]
certifi = "*"

[[package]]
name = "python-ags"
version = "0.3.2"
description = "A client interface to the REST API on ArcGIS Server 10.2.x"
category = "main"
optional = false
python-versions = "*"

[[package]]
name = "python-dateutil"
version = "2.8.2"
description = "Extensions to the standard Python datetime module"
category = "main"
optional = false
python-versions = "!=3.0.*,!=3.1.*,!=3.2.*,>=2.7"

[package.dependencies]
six = ">=1.5"

[[package]]
name = "requests"
version = "2.26.0"
description = "Python HTTP for Humans."
category = "dev"
optional = false
python-versions = ">=2.7, !=3.0.*, !=3.1.*, !=3.2.*, !=3.3.*, !=3.4.*, !=3.5.*"

[package.dependencies]
certifi = ">=2017.4.17"
charset-normalizer = {version = ">=2.0.0,<2.1.0", markers = "python_version >= \"3\""}
idna = {version = ">=2.5,<4", markers = "python_version >= \"3\""}
urllib3 = ">=1.21.1,<1.27"

[package.extras]
socks = ["PySocks (>=1.5.6,!=1.5.7)", "win-inet-pton"]
use_chardet_on_py3 = ["chardet (>=3.0.2,<5)"]

[[package]]
name = "requests-mock"
version = "1.9.3"
description = "Mock out responses from the requests package"
category = "dev"
optional = false
python-versions = "*"

[package.dependencies]
requests = ">=2.3,<3"
six = "*"

[package.extras]
fixture = ["fixtures"]
test = ["fixtures", "mock", "purl", "pytest", "sphinx", "testrepository (>=0.0.18)", "testtools"]

[[package]]
name = "restle"
version = "0.5.1"
description = "A REST client framework"
category = "main"
optional = false
python-versions = "*"

[[package]]
name = "sciencebasepy"
version = "1.6.4"
description = "Python ScienceBase Utilities"
category = "main"
optional = false
python-versions = "*"

[[package]]
name = "six"
version = "1.16.0"
description = "Python 2 and 3 compatibility utilities"
category = "main"
optional = false
python-versions = ">=2.7, !=3.0.*, !=3.1.*, !=3.2.*"

[[package]]
name = "urllib3"
version = "1.26.7"
description = "HTTP library with thread-safe connection pooling, file post, and more."
category = "dev"
optional = false
python-versions = ">=2.7, !=3.0.*, !=3.1.*, !=3.2.*, !=3.3.*, !=3.4.*, <4"

[package.extras]
brotli = ["brotlipy (>=0.6.0)"]
secure = ["pyOpenSSL (>=0.14)", "cryptography (>=1.3.4)", "idna (>=2.0.0)", "certifi", "ipaddress"]
socks = ["PySocks (>=1.5.6,!=1.5.7,<2.0)"]

[metadata]
lock-version = "1.1"
python-versions = "^3.7"
content-hash = "b84d201c979d8701b84854806f8bd00b64840a9278a2173d3913a30d379967e0"

[metadata.files]
certifi = [
    {file = "certifi-2021.10.8-py2.py3-none-any.whl", hash = "sha256:d62a0163eb4c2344ac042ab2bdf75399a71a2d8c7d47eac2e2ee91b9d6339569"},
    {file = "certifi-2021.10.8.tar.gz", hash = "sha256:78884e7c1d4b00ce3cea67b44566851c4343c120abd683433ce934a68ea58872"},
]
charset-normalizer = [
    {file = "charset-normalizer-2.0.7.tar.gz", hash = "sha256:e019de665e2bcf9c2b64e2e5aa025fa991da8720daa3c1138cadd2fd1856aed0"},
    {file = "charset_normalizer-2.0.7-py3-none-any.whl", hash = "sha256:f7af805c321bfa1ce6714c51f254e0d5bb5e5834039bc17db7ebe3a4cec9492b"},
]
defusedxml = [
    {file = "defusedxml-0.7.1-py2.py3-none-any.whl", hash = "sha256:a352e7e428770286cc899e2542b6cdaedb2b4953ff269a210103ec58f6198a61"},
    {file = "defusedxml-0.7.1.tar.gz", hash = "sha256:1bb3032db185915b62d7c6209c5a8792be6a32ab2fedacc84e01b52c51aa3e69"},
]
frozendict = [
    {file = "frozendict-2.0.6-py3-none-any.whl", hash = "sha256:5d3f75832c35d4df041f0e19c268964cbef29c1eb34cd3517cf883f1c2d089b9"},
    {file = "frozendict-2.0.6.tar.gz", hash = "sha256:3f00de72805cf4c9e81b334f3f04809278b967d2fed84552313a0fcce511beb1"},
]
gis-metadata-parser = [
    {file = "gis-metadata-parser-2.0.tar.gz", hash = "sha256:5008cab4d40667d5248b2aba4db9b416f50c1139045c9b2faadd2c199cb201a4"},
    {file = "gis_metadata_parser-2.0-py3-none-any.whl", hash = "sha256:0e6eba6d706e8efbf8fd09b31266124e593eca779d6a93d0c304f29858ca45f7"},
]
idna = [
    {file = "idna-3.3-py3-none-any.whl", hash = "sha256:84d9dd047ffa80596e0f246e2eab0b391788b0503584e8945f2368256d2735ff"},
    {file = "idna-3.3.tar.gz", hash = "sha256:9d643ff0a55b762d5cdb124b8eaa99c66322e2157b69160bc32796e824360e6d"},
]
mock = [
    {file = "mock-4.0.3-py3-none-any.whl", hash = "sha256:122fcb64ee37cfad5b3f48d7a7d51875d7031aaf3d8be7c42e2bee25044eee62"},
    {file = "mock-4.0.3.tar.gz", hash = "sha256:7d3fbbde18228f4ff2f1f119a45cdffa458b4c0dee32eb4d2bb2f82554bac7bc"},
]
parserutils = [
    {file = "parserutils-2.0.1-py3-none-any.whl", hash = "sha256:19fd3086fd360b3b53322400a236baebcd8109f0483f7c6396f4855e5d3515b1"},
    {file = "parserutils-2.0.1.tar.gz", hash = "sha256:f927e69779d81db508db98e6e8ec331f90ff31ff2868161d1cce30fffe92bec3"},
]
pillow = [
    {file = "Pillow-7.2.0-cp35-cp35m-macosx_10_10_intel.whl", hash = "sha256:1ca594126d3c4def54babee699c055a913efb01e106c309fa6b04405d474d5ae"},
    {file = "Pillow-7.2.0-cp35-cp35m-manylinux1_i686.whl", hash = "sha256:c92302a33138409e8f1ad16731568c55c9053eee71bb05b6b744067e1b62380f"},
    {file = "Pillow-7.2.0-cp35-cp35m-manylinux1_x86_64.whl", hash = "sha256:8dad18b69f710bf3a001d2bf3afab7c432785d94fcf819c16b5207b1cfd17d38"},
    {file = "Pillow-7.2.0-cp35-cp35m-manylinux2014_aarch64.whl", hash = "sha256:431b15cffbf949e89df2f7b48528be18b78bfa5177cb3036284a5508159492b5"},
    {file = "Pillow-7.2.0-cp35-cp35m-win32.whl", hash = "sha256:09d7f9e64289cb40c2c8d7ad674b2ed6105f55dc3b09aa8e4918e20a0311e7ad"},
    {file = "Pillow-7.2.0-cp35-cp35m-win_amd64.whl", hash = "sha256:0295442429645fa16d05bd567ef5cff178482439c9aad0411d3f0ce9b88b3a6f"},
    {file = "Pillow-7.2.0-cp36-cp36m-macosx_10_10_x86_64.whl", hash = "sha256:ec29604081f10f16a7aea809ad42e27764188fc258b02259a03a8ff7ded3808d"},
    {file = "Pillow-7.2.0-cp36-cp36m-manylinux1_i686.whl", hash = "sha256:612cfda94e9c8346f239bf1a4b082fdd5c8143cf82d685ba2dba76e7adeeb233"},
    {file = "Pillow-7.2.0-cp36-cp36m-manylinux1_x86_64.whl", hash = "sha256:0a80dd307a5d8440b0a08bd7b81617e04d870e40a3e46a32d9c246e54705e86f"},
    {file = "Pillow-7.2.0-cp36-cp36m-manylinux2014_aarch64.whl", hash = "sha256:06aba4169e78c439d528fdeb34762c3b61a70813527a2c57f0540541e9f433a8"},
    {file = "Pillow-7.2.0-cp36-cp36m-win32.whl", hash = "sha256:f7e30c27477dffc3e85c2463b3e649f751789e0f6c8456099eea7ddd53be4a8a"},
    {file = "Pillow-7.2.0-cp36-cp36m-win_amd64.whl", hash = "sha256:ffe538682dc19cc542ae7c3e504fdf54ca7f86fb8a135e59dd6bc8627eae6cce"},
    {file = "Pillow-7.2.0-cp37-cp37m-macosx_10_10_x86_64.whl", hash = "sha256:94cf49723928eb6070a892cb39d6c156f7b5a2db4e8971cb958f7b6b104fb4c4"},
    {file = "Pillow-7.2.0-cp37-cp37m-manylinux1_i686.whl", hash = "sha256:6edb5446f44d901e8683ffb25ebdfc26988ee813da3bf91e12252b57ac163727"},
    {file = "Pillow-7.2.0-cp37-cp37m-manylinux1_x86_64.whl", hash = "sha256:52125833b070791fcb5710fabc640fc1df07d087fc0c0f02d3661f76c23c5b8b"},
    {file = "Pillow-7.2.0-cp37-cp37m-manylinux2014_aarch64.whl", hash = "sha256:9ad7f865eebde135d526bb3163d0b23ffff365cf87e767c649550964ad72785d"},
    {file = "Pillow-7.2.0-cp37-cp37m-win32.whl", hash = "sha256:c79f9c5fb846285f943aafeafda3358992d64f0ef58566e23484132ecd8d7d63"},
    {file = "Pillow-7.2.0-cp37-cp37m-win_amd64.whl", hash = "sha256:d350f0f2c2421e65fbc62690f26b59b0bcda1b614beb318c81e38647e0f673a1"},
    {file = "Pillow-7.2.0-cp38-cp38-macosx_10_10_x86_64.whl", hash = "sha256:6d7741e65835716ceea0fd13a7d0192961212fd59e741a46bbed7a473c634ed6"},
    {file = "Pillow-7.2.0-cp38-cp38-manylinux1_i686.whl", hash = "sha256:edf31f1150778abd4322444c393ab9c7bd2af271dd4dafb4208fb613b1f3cdc9"},
    {file = "Pillow-7.2.0-cp38-cp38-manylinux1_x86_64.whl", hash = "sha256:d08b23fdb388c0715990cbc06866db554e1822c4bdcf6d4166cf30ac82df8c41"},
    {file = "Pillow-7.2.0-cp38-cp38-manylinux2014_aarch64.whl", hash = "sha256:5e51ee2b8114def244384eda1c82b10e307ad9778dac5c83fb0943775a653cd8"},
    {file = "Pillow-7.2.0-cp38-cp38-win32.whl", hash = "sha256:725aa6cfc66ce2857d585f06e9519a1cc0ef6d13f186ff3447ab6dff0a09bc7f"},
    {file = "Pillow-7.2.0-cp38-cp38-win_amd64.whl", hash = "sha256:a060cf8aa332052df2158e5a119303965be92c3da6f2d93b6878f0ebca80b2f6"},
    {file = "Pillow-7.2.0-pp36-pypy36_pp73-macosx_10_10_x86_64.whl", hash = "sha256:9c87ef410a58dd54b92424ffd7e28fd2ec65d2f7fc02b76f5e9b2067e355ebf6"},
    {file = "Pillow-7.2.0-pp36-pypy36_pp73-manylinux2010_x86_64.whl", hash = "sha256:e901964262a56d9ea3c2693df68bc9860b8bdda2b04768821e4c44ae797de117"},
    {file = "Pillow-7.2.0-pp36-pypy36_pp73-win32.whl", hash = "sha256:25930fadde8019f374400f7986e8404c8b781ce519da27792cbe46eabec00c4d"},
    {file = "Pillow-7.2.0.tar.gz", hash = "sha256:97f9e7953a77d5a70f49b9a48da7776dc51e9b738151b22dacf101641594a626"},
]
pipdeptree = [
    {file = "pipdeptree-2.2.0-py2-none-any.whl", hash = "sha256:e31bcb4db905fe3df15e7c41bc015a3587ef4bafdd5119b011aae32948c4a371"},
    {file = "pipdeptree-2.2.0-py3-none-any.whl", hash = "sha256:95fb603e46343651342583c337a0ee68d3ccade7a81f5cf6b2fbd8151b79ed80"},
    {file = "pipdeptree-2.2.0.tar.gz", hash = "sha256:21a89e77d6eae635685e8af5ecd56561f092f8216bb290e7ae5362885d611f60"},
]
pyproj = [
    {file = "pyproj-3.2.1-cp37-cp37m-macosx_10_9_x86_64.whl", hash = "sha256:ce554616880ab59110af9baa2948b4442d2961e20390df00cea49782b7c779fe"},
    {file = "pyproj-3.2.1-cp37-cp37m-manylinux2010_x86_64.whl", hash = "sha256:40ed2a66d93af811abac9fd2581685a2aade22a6753501f2f9760893ee6b0828"},
    {file = "pyproj-3.2.1-cp37-cp37m-manylinux_2_12_i686.manylinux2010_i686.whl", hash = "sha256:8e6821a472f03e3604413b562536e05cb7926c3bd85bfc423c88c4909871f692"},
    {file = "pyproj-3.2.1-cp37-cp37m-manylinux_2_17_aarch64.manylinux2014_aarch64.whl", hash = "sha256:8a732342136fa57112de717109c2b853a4df3e4e2de56e42da7a2b61e67f0b29"},
    {file = "pyproj-3.2.1-cp37-cp37m-win32.whl", hash = "sha256:b87eda8647d71f27ed81c43da9d8e0b841a403378b645e8dc1d015e9f5133ed1"},
    {file = "pyproj-3.2.1-cp37-cp37m-win_amd64.whl", hash = "sha256:f2eb0ee7e4183c1c4e2f450cccff09734b59ff929619bad3a4df97a87e3a3d1f"},
    {file = "pyproj-3.2.1-cp38-cp38-macosx_10_9_x86_64.whl", hash = "sha256:76dd8a9dbd67a42e5ab8afe0e4a4167f0dfcd8f07e12541852c5289abf49e28f"},
    {file = "pyproj-3.2.1-cp38-cp38-manylinux2010_x86_64.whl", hash = "sha256:b73973908688a0845ebd78871ed2edcca35d1fad8e90983a416a49aadb350f28"},
    {file = "pyproj-3.2.1-cp38-cp38-manylinux_2_12_i686.manylinux2010_i686.whl", hash = "sha256:00ec0cdd218cc8e7c823a9fe7c705b1e55926fe3a9460ef2048403757f9897ec"},
    {file = "pyproj-3.2.1-cp38-cp38-manylinux_2_17_aarch64.manylinux2014_aarch64.whl", hash = "sha256:c7d7097b969c7a3f114fcce379021e59c843c1c7b1b9b3f1bb2aa65019793800"},
    {file = "pyproj-3.2.1-cp38-cp38-win32.whl", hash = "sha256:e61c34b1b5a6b8df2ecf5abdbf8dd69322001ebc1971d0897919e4004512c476"},
    {file = "pyproj-3.2.1-cp38-cp38-win_amd64.whl", hash = "sha256:50d312cb7610f93f02f07b7da5b96469c52645717bebe6530ac7214cc69c068e"},
    {file = "pyproj-3.2.1-cp39-cp39-macosx_10_9_x86_64.whl", hash = "sha256:faadb5795e99321b5135263080348e184b927352c6331a06c2fcfe77a07ad215"},
    {file = "pyproj-3.2.1-cp39-cp39-manylinux2010_x86_64.whl", hash = "sha256:d355ddf4cb29e77cb38e152354fb6ef6796d699d37e1a67a2427890ce2341162"},
    {file = "pyproj-3.2.1-cp39-cp39-manylinux_2_12_i686.manylinux2010_i686.whl", hash = "sha256:28026ddf4d779e6bcbbd45954a0ca017348d819f27deb503e860be4eb88f5218"},
    {file = "pyproj-3.2.1-cp39-cp39-manylinux_2_17_aarch64.manylinux2014_aarch64.whl", hash = "sha256:c5fb6283da84be5dc909f3f681490fd43de1b3694e9b5bed1ca7bc875130cb93"},
    {file = "pyproj-3.2.1-cp39-cp39-win32.whl", hash = "sha256:604e8041ee0a17eec0fac4e7e10b2f11f45ab49676a4f26eb63753ebb9ba38b0"},
    {file = "pyproj-3.2.1-cp39-cp39-win_amd64.whl", hash = "sha256:8cf6f7c62a7c4144771a330381198e53bff782c0345af623b8989b1913acb919"},
    {file = "pyproj-3.2.1-pp37-pypy37_pp73-win_amd64.whl", hash = "sha256:19e6a7c6d31624b9971639036679fad35460045fd99c0c484899134b6bbf84cc"},
    {file = "pyproj-3.2.1.tar.gz", hash = "sha256:4a936093825ff55b24c1fc6cc093541fcf6d0f6d406589ed699e62048ebf3877"},
]
python-ags = [
    {file = "python-ags-0.3.2.tar.gz", hash = "sha256:eab9983eca8b050a5cee6d7de5441c1dacc3f6b71830f6c8376d78ff1bb9212b"},
    {file = "python_ags-0.3.2-py3-none-any.whl", hash = "sha256:064609eb733ed849f6b1df4474befa0518ecfd84a50b3e711507bbcdc2238f75"},
]
python-dateutil = [
    {file = "python-dateutil-2.8.2.tar.gz", hash = "sha256:0123cacc1627ae19ddf3c27a5de5bd67ee4586fbdd6440d9748f8abb483d3e86"},
    {file = "python_dateutil-2.8.2-py2.py3-none-any.whl", hash = "sha256:961d03dc3453ebbc59dbdea9e4e11c5651520a876d0f4db161e8674aae935da9"},
]
requests = [
    {file = "requests-2.26.0-py2.py3-none-any.whl", hash = "sha256:6c1246513ecd5ecd4528a0906f910e8f0f9c6b8ec72030dc9fd154dc1a6efd24"},
    {file = "requests-2.26.0.tar.gz", hash = "sha256:b8aa58f8cf793ffd8782d3d8cb19e66ef36f7aba4353eec859e74678b01b07a7"},
]
requests-mock = [
    {file = "requests-mock-1.9.3.tar.gz", hash = "sha256:8d72abe54546c1fc9696fa1516672f1031d72a55a1d66c85184f972a24ba0eba"},
    {file = "requests_mock-1.9.3-py2.py3-none-any.whl", hash = "sha256:0a2d38a117c08bb78939ec163522976ad59a6b7fdd82b709e23bb98004a44970"},
]
restle = [
    {file = "restle-0.5.1-py3-none-any.whl", hash = "sha256:2e2dddd25961c4dc2e8b268cf20e50acf129e22cd3ac243af527eb208b75b63d"},
    {file = "restle-0.5.1.tar.gz", hash = "sha256:86a19060493febbe9a46362282bd4c5bfe8e6e36c38aea9ac40ecf16f8c1d587"},
]
sciencebasepy = [
    {file = "sciencebasepy-1.6.4-py3-none-any.whl", hash = "sha256:e03f0e3db3869a4edfdc5cb7e04b24fae270e47a1f58b55c484612a6eb09088e"},
    {file = "sciencebasepy-1.6.4.tar.gz", hash = "sha256:c58292907d52585e45a4be0b9da7ce10de228487d1ae7f8dea873cfad3a6ae50"},
]
six = [
    {file = "six-1.16.0-py2.py3-none-any.whl", hash = "sha256:8abb2f1d86890a2dfb989f9a77cfcfd3e47c2a354b01111771326f8aa26e0254"},
    {file = "six-1.16.0.tar.gz", hash = "sha256:1e61c37477a1626458e36f7b1d82aa5c9b094fa4802892072e49de9c60c4c926"},
]
urllib3 = [
    {file = "urllib3-1.26.7-py2.py3-none-any.whl", hash = "sha256:c4fdf4019605b6e5423637e01bc9fe4daef873709a7973e195ceba0a62bbc844"},
    {file = "urllib3-1.26.7.tar.gz", hash = "sha256:4987c65554f7a2dbf30c18fd48778ef124af6fab771a377103da0585e2336ece"},
]
